# This file is automatically @generated by Cargo.
# It is not intended for manual editing.
[[package]]
name = "aho-corasick"
version = "0.7.15"
source = "registry+https://github.com/rust-lang/crates.io-index"
checksum = "7404febffaa47dac81aa44dba71523c9d069b1bdc50a77db41195149e17f68e5"
dependencies = [
 "memchr",
]

[[package]]
name = "annotate-snippets"
version = "0.8.0"
source = "registry+https://github.com/rust-lang/crates.io-index"
checksum = "d78ea013094e5ea606b1c05fe35f1dd7ea1eb1ea259908d040b25bd5ec677ee5"

[[package]]
name = "ansi_term"
version = "0.12.1"
source = "registry+https://github.com/rust-lang/crates.io-index"
checksum = "d52a9bb7ec0cf484c551830a7ce27bd20d67eac647e1befb56b0be4ee39a55d2"
dependencies = [
 "winapi",
]

[[package]]
name = "arrayvec"
version = "0.5.2"
source = "registry+https://github.com/rust-lang/crates.io-index"
checksum = "23b62fc65de8e4e7f52534fb52b0f3ed04746ae267519eef2a83941e8085068b"

[[package]]
name = "atty"
version = "0.2.14"
source = "registry+https://github.com/rust-lang/crates.io-index"
checksum = "d9b39be18770d11421cdb1b9947a45dd3f37e93092cbf377614828a319d5fee8"
dependencies = [
 "hermit-abi",
 "libc",
 "winapi",
]

[[package]]
name = "autocfg"
version = "1.0.1"
source = "registry+https://github.com/rust-lang/crates.io-index"
checksum = "cdb031dd78e28731d87d56cc8ffef4a8f36ca26c38fe2de700543e627f8a464a"

[[package]]
name = "bitflags"
version = "1.2.1"
source = "registry+https://github.com/rust-lang/crates.io-index"
checksum = "cf1de2fe8c75bc145a2f577add951f8134889b4795d47466a54a5c846d691693"

[[package]]
name = "block-buffer"
version = "0.7.3"
source = "registry+https://github.com/rust-lang/crates.io-index"
checksum = "c0940dc441f31689269e10ac70eb1002a3a1d3ad1390e030043662eb7fe4688b"
dependencies = [
 "block-padding",
 "byte-tools",
 "byteorder",
 "generic-array",
]

[[package]]
name = "block-padding"
version = "0.1.5"
source = "registry+https://github.com/rust-lang/crates.io-index"
checksum = "fa79dedbb091f449f1f39e53edf88d5dbe95f895dae6135a8d7b881fb5af73f5"
dependencies = [
 "byte-tools",
]

[[package]]
name = "bstr"
version = "0.2.14"
source = "registry+https://github.com/rust-lang/crates.io-index"
checksum = "473fc6b38233f9af7baa94fb5852dca389e3d95b8e21c8e3719301462c5d9faf"
dependencies = [
 "lazy_static",
 "memchr",
 "regex-automata",
 "serde",
]

[[package]]
name = "byte-tools"
version = "0.3.1"
source = "registry+https://github.com/rust-lang/crates.io-index"
checksum = "e3b5ca7a04898ad4bcd41c90c5285445ff5b791899bb1b0abdd2a2aa791211d7"

[[package]]
name = "byteorder"
version = "1.3.4"
source = "registry+https://github.com/rust-lang/crates.io-index"
checksum = "08c48aae112d48ed9f069b33538ea9e3e90aa263cfa3d1c24309612b1f7472de"

[[package]]
name = "cc"
version = "1.0.62"
source = "registry+https://github.com/rust-lang/crates.io-index"
checksum = "f1770ced377336a88a67c473594ccc14eca6f4559217c34f64aac8f83d641b40"

[[package]]
name = "cfg-if"
version = "0.1.10"
source = "registry+https://github.com/rust-lang/crates.io-index"
checksum = "4785bdd1c96b2a846b2bd7cc02e86b6b3dbf14e7e53446c4f54c92a361040822"

[[package]]
name = "cfg-if"
version = "1.0.0"
source = "registry+https://github.com/rust-lang/crates.io-index"
checksum = "baf1de4339761588bc0619e3cbc0120ee582ebb74b53b4efbf79117bd2da40fd"

[[package]]
name = "chalk-derive"
version = "0.32.0"
source = "registry+https://github.com/rust-lang/crates.io-index"
checksum = "2d072b2ba723f0bada7c515d8b3725224bc4f5052d2a92dcbeb0b118ff37084a"
dependencies = [
 "proc-macro2",
 "quote",
 "syn 1.0.48",
 "synstructure",
]

[[package]]
name = "chalk-engine"
version = "0.32.0"
source = "registry+https://github.com/rust-lang/crates.io-index"
checksum = "6fb5475f6083d6d6c509e1c335c4f69ad04144ac090faa1afb134a53c3695841"
dependencies = [
 "chalk-derive",
 "chalk-ir",
 "chalk-solve",
 "rustc-hash",
 "tracing",
]

[[package]]
name = "chalk-ir"
version = "0.32.0"
source = "registry+https://github.com/rust-lang/crates.io-index"
checksum = "f60cdb0e18c5455cb6a85e8464aad3622b70476018edfa8845691df66f7e9a05"
dependencies = [
 "chalk-derive",
 "lazy_static",
]

[[package]]
name = "chalk-solve"
version = "0.32.0"
source = "registry+https://github.com/rust-lang/crates.io-index"
checksum = "981534d499a8476ecc0b520be4d3864757f96211826a75360fbf2cb6fae362ab"
dependencies = [
 "chalk-derive",
 "chalk-ir",
 "ena",
 "itertools",
 "petgraph",
 "rustc-hash",
 "tracing",
 "tracing-subscriber",
 "tracing-tree",
]

[[package]]
name = "chrono"
version = "0.4.19"
source = "registry+https://github.com/rust-lang/crates.io-index"
checksum = "670ad68c9088c2a963aaa298cb369688cf3f9465ce5e2d4ca10e6e0098a1ce73"
dependencies = [
 "libc",
 "num-integer",
 "num-traits",
 "time",
 "winapi",
]

[[package]]
name = "cloudabi"
version = "0.0.3"
source = "registry+https://github.com/rust-lang/crates.io-index"
checksum = "ddfc5b9aa5d4507acaf872de71051dfd0e309860e88966e1051e462a077aac4f"
dependencies = [
 "bitflags",
]

[[package]]
name = "cloudabi"
version = "0.1.0"
source = "registry+https://github.com/rust-lang/crates.io-index"
checksum = "4344512281c643ae7638bbabc3af17a11307803ec8f0fcad9fae512a8bf36467"
dependencies = [
 "bitflags",
]

[[package]]
name = "creusot"
version = "0.1.0"
dependencies = [
 "csv",
 "datapond-derive",
 "env_logger",
 "itertools",
 "lazy_static",
 "log",
 "polonius-engine 0.12.1",
 "proc-macro2",
 "quote",
 "regex",
 "rustc_ast",
 "rustc_ast_pretty",
 "rustc_driver",
 "rustc_hir",
 "rustc_index",
 "rustc_interface",
 "rustc_middle",
 "rustc_mir",
 "rustc_serialize",
 "rustc_span",
 "rustc_target",
 "serde",
 "syn 1.0.49",
]

[[package]]
name = "creusot-contracts"
version = "0.1.0"
dependencies = [
 "proc-macro2",
 "quote",
 "syn 1.0.49",
 "uuid",
]

[[package]]
name = "crossbeam-deque"
version = "0.7.3"
source = "registry+https://github.com/rust-lang/crates.io-index"
checksum = "9f02af974daeee82218205558e51ec8768b48cf524bd01d550abe5573a608285"
dependencies = [
 "crossbeam-epoch",
 "crossbeam-utils 0.7.2",
 "maybe-uninit",
]

[[package]]
name = "crossbeam-epoch"
version = "0.8.2"
source = "registry+https://github.com/rust-lang/crates.io-index"
checksum = "058ed274caafc1f60c4997b5fc07bf7dc7cca454af7c6e81edffe5f33f70dace"
dependencies = [
 "autocfg",
 "cfg-if 0.1.10",
 "crossbeam-utils 0.7.2",
 "lazy_static",
 "maybe-uninit",
 "memoffset",
 "scopeguard",
]

[[package]]
name = "crossbeam-queue"
version = "0.1.2"
source = "registry+https://github.com/rust-lang/crates.io-index"
checksum = "7c979cd6cfe72335896575c6b5688da489e420d36a27a0b9eb0c73db574b4a4b"
dependencies = [
 "crossbeam-utils 0.6.6",
]

[[package]]
name = "crossbeam-utils"
version = "0.6.6"
source = "registry+https://github.com/rust-lang/crates.io-index"
checksum = "04973fa96e96579258a5091af6003abde64af786b860f18622b82e026cca60e6"
dependencies = [
 "cfg-if 0.1.10",
 "lazy_static",
]

[[package]]
name = "crossbeam-utils"
version = "0.7.2"
source = "registry+https://github.com/rust-lang/crates.io-index"
checksum = "c3c7c73a2d1e9fc0886a08b93e98eb643461230d5f1925e4036204d5f2e261a8"
dependencies = [
 "autocfg",
 "cfg-if 0.1.10",
 "lazy_static",
]

[[package]]
name = "csv"
version = "1.1.4"
source = "registry+https://github.com/rust-lang/crates.io-index"
checksum = "fc4666154fd004af3fd6f1da2e81a96fd5a81927fe8ddb6ecc79e2aa6e138b54"
dependencies = [
 "bstr",
 "csv-core",
 "itoa",
 "ryu",
 "serde",
]

[[package]]
name = "csv-core"
version = "0.1.10"
source = "registry+https://github.com/rust-lang/crates.io-index"
checksum = "2b2466559f260f48ad25fe6317b3c8dac77b5bdb5763ac7d9d6103530663bc90"
dependencies = [
 "memchr",
]

[[package]]
name = "datafrog"
version = "2.0.1"
source = "registry+https://github.com/rust-lang/crates.io-index"
checksum = "a0afaad2b26fa326569eb264b1363e8ae3357618c43982b3f285f0774ce76b69"

[[package]]
name = "datapond"
version = "0.1.0"
source = "git+https://github.com/lqd/datapond#a77fe1b60d9bceceb9e3b76b87c7ecfae2cd35db"
dependencies = [
 "log",
 "proc-macro2",
 "quote",
 "rustc-hash",
 "syn 1.0.48",
]

[[package]]
name = "datapond-derive"
version = "0.1.0"
source = "git+https://github.com/lqd/datapond#a77fe1b60d9bceceb9e3b76b87c7ecfae2cd35db"
dependencies = [
 "datapond-macro",
 "proc-macro-hack",
]

[[package]]
name = "datapond-macro"
version = "0.1.0"
source = "git+https://github.com/lqd/datapond#a77fe1b60d9bceceb9e3b76b87c7ecfae2cd35db"
dependencies = [
 "datapond",
 "proc-macro-hack",
]

[[package]]
name = "digest"
version = "0.8.1"
source = "registry+https://github.com/rust-lang/crates.io-index"
checksum = "f3d0c8c8752312f9713efd397ff63acb9f85585afbf179282e720e7704954dd5"
dependencies = [
 "generic-array",
]

[[package]]
name = "either"
version = "1.6.1"
source = "registry+https://github.com/rust-lang/crates.io-index"
checksum = "e78d4f1cc4ae33bbfc157ed5d5a5ef3bc29227303d595861deb238fcec4e9457"

[[package]]
name = "ena"
version = "0.14.0"
source = "registry+https://github.com/rust-lang/crates.io-index"
checksum = "d7402b94a93c24e742487327a7cd839dc9d36fec9de9fb25b09f2dae459f36c3"
dependencies = [
 "log",
]

[[package]]
name = "env_logger"
version = "0.8.1"
source = "registry+https://github.com/rust-lang/crates.io-index"
checksum = "54532e3223c5af90a6a757c90b5c5521564b07e5e7a958681bcd2afad421cdcd"
dependencies = [
 "atty",
 "humantime",
 "log",
 "regex",
 "termcolor",
]

[[package]]
name = "fake-simd"
version = "0.1.2"
source = "registry+https://github.com/rust-lang/crates.io-index"
checksum = "e88a8acf291dafb59c2d96e8f59828f3838bb1a70398823ade51a84de6a6deed"

[[package]]
name = "fixedbitset"
version = "0.2.0"
source = "registry+https://github.com/rust-lang/crates.io-index"
checksum = "37ab347416e802de484e4d03c7316c48f1ecb56574dfd4a46a80f173ce1de04d"

[[package]]
name = "generator"
version = "0.6.23"
source = "registry+https://github.com/rust-lang/crates.io-index"
checksum = "8cdc09201b2e8ca1b19290cf7e65de2246b8e91fb6874279722189c4de7b94dc"
dependencies = [
 "cc",
 "libc",
 "log",
 "rustc_version",
 "winapi",
]

[[package]]
name = "generic-array"
version = "0.12.3"
source = "registry+https://github.com/rust-lang/crates.io-index"
checksum = "c68f0274ae0e023facc3c97b2e00f076be70e254bc851d972503b328db79b2ec"
dependencies = [
 "typenum",
]

[[package]]
name = "getopts"
version = "0.2.21"
source = "registry+https://github.com/rust-lang/crates.io-index"
checksum = "14dbbfd5c71d70241ecf9e6f13737f7b5ce823821063188d7e46c41d371eebd5"
dependencies = [
 "unicode-width",
]

[[package]]
name = "getrandom"
version = "0.1.15"
source = "registry+https://github.com/rust-lang/crates.io-index"
checksum = "fc587bc0ec293155d5bfa6b9891ec18a1e330c234f896ea47fbada4cadbe47e6"
dependencies = [
 "cfg-if 0.1.10",
 "libc",
 "wasi 0.9.0+wasi-snapshot-preview1",
]

[[package]]
name = "hashbrown"
version = "0.9.1"
source = "registry+https://github.com/rust-lang/crates.io-index"
checksum = "d7afe4a420e3fe79967a00898cc1f4db7c8a49a9333a29f8a4bd76a253d5cd04"

[[package]]
name = "hermit-abi"
version = "0.1.17"
source = "registry+https://github.com/rust-lang/crates.io-index"
checksum = "5aca5565f760fb5b220e499d72710ed156fdb74e631659e99377d9ebfbd13ae8"
dependencies = [
 "libc",
]

[[package]]
name = "humantime"
version = "2.0.1"
source = "registry+https://github.com/rust-lang/crates.io-index"
checksum = "3c1ad908cc71012b7bea4d0c53ba96a8cba9962f048fa68d143376143d863b7a"

[[package]]
name = "indexmap"
version = "1.6.0"
source = "registry+https://github.com/rust-lang/crates.io-index"
checksum = "55e2e4c765aa53a0424761bf9f41aa7a6ac1efa87238f59560640e27fca028f2"
dependencies = [
 "autocfg",
 "hashbrown",
]

[[package]]
name = "instant"
version = "0.1.8"
source = "registry+https://github.com/rust-lang/crates.io-index"
checksum = "cb1fc4429a33e1f80d41dc9fea4d108a88bec1de8053878898ae448a0b52f613"
dependencies = [
 "cfg-if 1.0.0",
]

[[package]]
name = "itertools"
version = "0.9.0"
source = "registry+https://github.com/rust-lang/crates.io-index"
checksum = "284f18f85651fe11e8a991b2adb42cb078325c996ed026d994719efcfca1d54b"
dependencies = [
 "either",
]

[[package]]
name = "itoa"
version = "0.4.6"
source = "registry+https://github.com/rust-lang/crates.io-index"
checksum = "dc6f3ad7b9d11a0c00842ff8de1b60ee58661048eb8049ed33c73594f359d7e6"

[[package]]
name = "jobserver"
version = "0.1.21"
source = "registry+https://github.com/rust-lang/crates.io-index"
checksum = "5c71313ebb9439f74b00d9d2dcec36440beaf57a6aa0623068441dd7cd81a7f2"
dependencies = [
 "libc",
]

[[package]]
name = "lazy_static"
version = "1.4.0"
source = "registry+https://github.com/rust-lang/crates.io-index"
checksum = "e2abad23fbc42b3700f2f279844dc832adb2b2eb069b2df918f455c4e18cc646"

[[package]]
name = "libc"
version = "0.2.80"
source = "registry+https://github.com/rust-lang/crates.io-index"
checksum = "4d58d1b70b004888f764dfbf6a26a3b0342a1632d33968e4a179d8011c760614"

[[package]]
name = "lock_api"
version = "0.3.4"
source = "registry+https://github.com/rust-lang/crates.io-index"
checksum = "c4da24a77a3d8a6d4862d95f72e6fdb9c09a643ecdb402d754004a557f2bec75"
dependencies = [
 "scopeguard",
]

[[package]]
name = "lock_api"
version = "0.4.1"
source = "registry+https://github.com/rust-lang/crates.io-index"
checksum = "28247cc5a5be2f05fbcd76dd0cf2c7d3b5400cb978a28042abcd4fa0b3f8261c"
dependencies = [
 "scopeguard",
]

[[package]]
name = "log"
version = "0.4.11"
source = "registry+https://github.com/rust-lang/crates.io-index"
checksum = "4fabed175da42fed1fa0746b0ea71f412aa9d35e76e95e59b192c64b9dc2bf8b"
dependencies = [
 "cfg-if 0.1.10",
]

[[package]]
name = "loom"
version = "0.3.6"
source = "registry+https://github.com/rust-lang/crates.io-index"
checksum = "a0e8460f2f2121162705187214720353c517b97bdfb3494c0b1e33d83ebe4bed"
dependencies = [
 "cfg-if 0.1.10",
 "generator",
 "scoped-tls",
 "serde",
 "serde_json",
]

[[package]]
name = "matchers"
version = "0.0.1"
source = "registry+https://github.com/rust-lang/crates.io-index"
checksum = "f099785f7595cc4b4553a174ce30dd7589ef93391ff414dbb67f62392b9e0ce1"
dependencies = [
 "regex-automata",
]

[[package]]
name = "maybe-uninit"
version = "2.0.0"
source = "registry+https://github.com/rust-lang/crates.io-index"
checksum = "60302e4db3a61da70c0cb7991976248362f30319e88850c487b9b95bbf059e00"

[[package]]
name = "md-5"
version = "0.8.0"
source = "registry+https://github.com/rust-lang/crates.io-index"
checksum = "a18af3dcaf2b0219366cdb4e2af65a6101457b415c3d1a5c71dd9c2b7c77b9c8"
dependencies = [
 "block-buffer",
 "digest",
 "opaque-debug",
]

[[package]]
name = "measureme"
version = "0.7.1"
source = "registry+https://github.com/rust-lang/crates.io-index"
checksum = "fef709d3257013bba7cff14fc504e07e80631d3fe0f6d38ce63b8f6510ccb932"
dependencies = [
 "byteorder",
 "memmap",
 "parking_lot 0.9.0",
 "rustc-hash",
]

[[package]]
name = "memchr"
version = "2.3.4"
source = "registry+https://github.com/rust-lang/crates.io-index"
checksum = "0ee1c47aaa256ecabcaea351eae4a9b01ef39ed810004e298d2511ed284b1525"

[[package]]
name = "memmap"
version = "0.7.0"
source = "registry+https://github.com/rust-lang/crates.io-index"
checksum = "6585fd95e7bb50d6cc31e20d4cf9afb4e2ba16c5846fc76793f11218da9c475b"
dependencies = [
 "libc",
 "winapi",
]

[[package]]
name = "memoffset"
version = "0.5.6"
source = "registry+https://github.com/rust-lang/crates.io-index"
checksum = "043175f069eda7b85febe4a74abbaeff828d9f8b448515d3151a14a3542811aa"
dependencies = [
 "autocfg",
]

[[package]]
name = "num-integer"
version = "0.1.44"
source = "registry+https://github.com/rust-lang/crates.io-index"
checksum = "d2cc698a63b549a70bc047073d2949cce27cd1c7b0a4a862d08a8031bc2801db"
dependencies = [
 "autocfg",
 "num-traits",
]

[[package]]
name = "num-traits"
version = "0.2.14"
source = "registry+https://github.com/rust-lang/crates.io-index"
checksum = "9a64b1ec5cda2586e284722486d802acf1f7dbdc623e2bfc57e65ca1cd099290"
dependencies = [
 "autocfg",
]

[[package]]
name = "num_cpus"
version = "1.13.0"
source = "registry+https://github.com/rust-lang/crates.io-index"
checksum = "05499f3756671c15885fee9034446956fff3f243d6077b91e5767df161f766b3"
dependencies = [
 "hermit-abi",
 "libc",
]

[[package]]
name = "opaque-debug"
version = "0.2.3"
source = "registry+https://github.com/rust-lang/crates.io-index"
checksum = "2839e79665f131bdb5782e51f2c6c9599c133c6098982a54c794358bf432529c"

[[package]]
name = "parking_lot"
version = "0.9.0"
source = "registry+https://github.com/rust-lang/crates.io-index"
checksum = "f842b1982eb6c2fe34036a4fbfb06dd185a3f5c8edfaacdf7d1ea10b07de6252"
dependencies = [
 "lock_api 0.3.4",
 "parking_lot_core 0.6.2",
 "rustc_version",
]

[[package]]
name = "parking_lot"
version = "0.11.0"
source = "registry+https://github.com/rust-lang/crates.io-index"
checksum = "a4893845fa2ca272e647da5d0e46660a314ead9c2fdd9a883aabc32e481a8733"
dependencies = [
 "instant",
 "lock_api 0.4.1",
 "parking_lot_core 0.8.0",
]

[[package]]
name = "parking_lot_core"
version = "0.6.2"
source = "registry+https://github.com/rust-lang/crates.io-index"
checksum = "b876b1b9e7ac6e1a74a6da34d25c42e17e8862aa409cbbbdcfc8d86c6f3bc62b"
dependencies = [
 "cfg-if 0.1.10",
 "cloudabi 0.0.3",
 "libc",
 "redox_syscall",
 "rustc_version",
 "smallvec 0.6.13",
 "winapi",
]

[[package]]
name = "parking_lot_core"
version = "0.8.0"
source = "registry+https://github.com/rust-lang/crates.io-index"
checksum = "c361aa727dd08437f2f1447be8b59a33b0edd15e0fcee698f935613d9efbca9b"
dependencies = [
 "cfg-if 0.1.10",
 "cloudabi 0.1.0",
 "instant",
 "libc",
 "redox_syscall",
 "smallvec 1.4.2",
 "winapi",
]

[[package]]
name = "pathdiff"
version = "0.2.0"
source = "registry+https://github.com/rust-lang/crates.io-index"
checksum = "877630b3de15c0b64cc52f659345724fbf6bdad9bd9566699fc53688f3c34a34"

[[package]]
name = "petgraph"
version = "0.5.1"
source = "registry+https://github.com/rust-lang/crates.io-index"
checksum = "467d164a6de56270bd7c4d070df81d07beace25012d5103ced4e9ff08d6afdb7"
dependencies = [
 "fixedbitset",
 "indexmap",
]

[[package]]
name = "pin-project-lite"
version = "0.1.11"
source = "registry+https://github.com/rust-lang/crates.io-index"
checksum = "c917123afa01924fc84bb20c4c03f004d9c38e5127e3c039bbf7f4b9c76a2f6b"

[[package]]
name = "polonius-engine"
version = "0.12.1"
dependencies = [
 "datafrog",
 "log",
 "rustc-hash",
]

[[package]]
name = "polonius-engine"
version = "0.12.1"
source = "registry+https://github.com/rust-lang/crates.io-index"
checksum = "ef2558a4b464e185b36ee08a2937ebb62ea5464c38856cfb1465c97cb38db52d"
dependencies = [
 "datafrog",
 "log",
 "rustc-hash",
]

[[package]]
name = "ppv-lite86"
version = "0.2.10"
source = "registry+https://github.com/rust-lang/crates.io-index"
checksum = "ac74c624d6b2d21f425f752262f42188365d7b8ff1aff74c82e45136510a4857"

[[package]]
name = "proc-macro-hack"
version = "0.5.19"
source = "registry+https://github.com/rust-lang/crates.io-index"
checksum = "dbf0c48bc1d91375ae5c3cd81e3722dff1abcf81a30960240640d223f59fe0e5"

[[package]]
name = "proc-macro2"
version = "1.0.24"
source = "registry+https://github.com/rust-lang/crates.io-index"
checksum = "1e0704ee1a7e00d7bb417d0770ea303c1bccbabf0ef1667dae92b5967f5f8a71"
dependencies = [
 "unicode-xid",
]

[[package]]
name = "psm"
version = "0.1.11"
source = "registry+https://github.com/rust-lang/crates.io-index"
checksum = "96e0536f6528466dbbbbe6b986c34175a8d0ff25b794c4bacda22e068cd2f2c5"
dependencies = [
 "cc",
]

[[package]]
name = "punycode"
version = "0.4.1"
source = "registry+https://github.com/rust-lang/crates.io-index"
checksum = "e9e1dcb320d6839f6edb64f7a4a59d39b30480d4d1765b56873f7c858538a5fe"

[[package]]
name = "quote"
version = "1.0.7"
source = "registry+https://github.com/rust-lang/crates.io-index"
checksum = "aa563d17ecb180e500da1cfd2b028310ac758de548efdd203e18f283af693f37"
dependencies = [
 "proc-macro2",
]

[[package]]
name = "rand"
version = "0.7.3"
source = "registry+https://github.com/rust-lang/crates.io-index"
checksum = "6a6b1679d49b24bbfe0c803429aa1874472f50d9b363131f0e89fc356b544d03"
dependencies = [
 "getrandom",
 "libc",
 "rand_chacha",
 "rand_core",
 "rand_hc",
]

[[package]]
name = "rand_chacha"
version = "0.2.2"
source = "registry+https://github.com/rust-lang/crates.io-index"
checksum = "f4c8ed856279c9737206bf725bf36935d8666ead7aa69b52be55af369d193402"
dependencies = [
 "ppv-lite86",
 "rand_core",
]

[[package]]
name = "rand_core"
version = "0.5.1"
source = "registry+https://github.com/rust-lang/crates.io-index"
checksum = "90bde5296fc891b0cef12a6d03ddccc162ce7b2aff54160af9338f8d40df6d19"
dependencies = [
 "getrandom",
]

[[package]]
name = "rand_hc"
version = "0.2.0"
source = "registry+https://github.com/rust-lang/crates.io-index"
checksum = "ca3129af7b92a17112d59ad498c6f81eaf463253766b90396d39ea7a39d6613c"
dependencies = [
 "rand_core",
]

[[package]]
name = "redox_syscall"
version = "0.1.57"
source = "registry+https://github.com/rust-lang/crates.io-index"
checksum = "41cc0f7e4d5d4544e8861606a285bb08d3e70712ccc7d2b84d7c0ccfaf4b05ce"

[[package]]
name = "regex"
version = "1.4.2"
source = "registry+https://github.com/rust-lang/crates.io-index"
checksum = "38cf2c13ed4745de91a5eb834e11c00bcc3709e773173b2ce4c56c9fbde04b9c"
dependencies = [
 "aho-corasick",
 "memchr",
 "regex-syntax",
 "thread_local",
]

[[package]]
name = "regex-automata"
version = "0.1.9"
source = "registry+https://github.com/rust-lang/crates.io-index"
checksum = "ae1ded71d66a4a97f5e961fd0cb25a5f366a42a41570d16a763a69c092c26ae4"
dependencies = [
 "byteorder",
 "regex-syntax",
]

[[package]]
name = "regex-syntax"
version = "0.6.21"
source = "registry+https://github.com/rust-lang/crates.io-index"
checksum = "3b181ba2dcf07aaccad5448e8ead58db5b742cf85dfe035e2227f137a539a189"

[[package]]
name = "remove_dir_all"
version = "0.5.3"
source = "registry+https://github.com/rust-lang/crates.io-index"
checksum = "3acd125665422973a33ac9d3dd2df85edad0f4ae9b00dafb1a05e43a9f5ef8e7"
dependencies = [
 "winapi",
]

[[package]]
name = "rls-data"
version = "0.19.0"
source = "registry+https://github.com/rust-lang/crates.io-index"
checksum = "76c72ea97e045be5f6290bb157ebdc5ee9f2b093831ff72adfaf59025cf5c491"
dependencies = [
 "rls-span",
 "serde",
]

[[package]]
name = "rls-span"
version = "0.5.2"
source = "registry+https://github.com/rust-lang/crates.io-index"
checksum = "f2e9bed56f6272bd85d9d06d1aaeef80c5fddc78a82199eb36dceb5f94e7d934"
dependencies = [
 "serde",
]

[[package]]
name = "rustc-demangle"
version = "0.1.18"
source = "registry+https://github.com/rust-lang/crates.io-index"
checksum = "6e3bad0ee36814ca07d7968269dd4b7ec89ec2da10c4bb613928d3077083c232"

[[package]]
name = "rustc-hash"
version = "1.1.0"
source = "registry+https://github.com/rust-lang/crates.io-index"
checksum = "08d43f7aa6b08d49f382cde6a7982047c3426db949b1424bc4b7ec9ae12c6ce2"

[[package]]
name = "rustc-rayon"
version = "0.3.0"
source = "registry+https://github.com/rust-lang/crates.io-index"
checksum = "f32767f90d938f1b7199a174ef249ae1924f6e5bbdb9d112fea141e016f25b3a"
dependencies = [
 "crossbeam-deque",
 "either",
 "rustc-rayon-core",
]

[[package]]
name = "rustc-rayon-core"
version = "0.3.0"
source = "registry+https://github.com/rust-lang/crates.io-index"
checksum = "ea2427831f0053ea3ea73559c8eabd893133a51b251d142bacee53c62a288cb3"
dependencies = [
 "crossbeam-deque",
 "crossbeam-queue",
 "crossbeam-utils 0.6.6",
 "lazy_static",
 "num_cpus",
]

[[package]]
name = "rustc_apfloat"
version = "0.0.0"
dependencies = [
 "bitflags",
 "smallvec 1.4.2",
]

[[package]]
name = "rustc_arena"
version = "0.0.0"
dependencies = [
 "smallvec 1.4.2",
]

[[package]]
name = "rustc_ast"
version = "0.0.0"
dependencies = [
 "bitflags",
 "rustc_data_structures",
 "rustc_index",
 "rustc_lexer",
 "rustc_macros",
 "rustc_serialize",
 "rustc_span",
 "smallvec 1.4.2",
 "tracing",
]

[[package]]
name = "rustc_ast_lowering"
version = "0.0.0"
dependencies = [
 "rustc_arena",
 "rustc_ast",
 "rustc_ast_pretty",
 "rustc_data_structures",
 "rustc_errors",
 "rustc_hir",
 "rustc_index",
 "rustc_session",
 "rustc_span",
 "rustc_target",
 "smallvec 1.4.2",
 "tracing",
]

[[package]]
name = "rustc_ast_passes"
version = "0.0.0"
dependencies = [
 "itertools",
 "rustc_ast",
 "rustc_ast_pretty",
 "rustc_attr",
 "rustc_data_structures",
 "rustc_errors",
 "rustc_feature",
 "rustc_parse",
 "rustc_session",
 "rustc_span",
 "tracing",
]

[[package]]
name = "rustc_ast_pretty"
version = "0.0.0"
dependencies = [
 "rustc_ast",
 "rustc_span",
 "rustc_target",
 "tracing",
]

[[package]]
name = "rustc_attr"
version = "0.0.0"
dependencies = [
 "rustc_ast",
 "rustc_ast_pretty",
 "rustc_data_structures",
 "rustc_errors",
 "rustc_feature",
 "rustc_lexer",
 "rustc_macros",
 "rustc_serialize",
 "rustc_session",
 "rustc_span",
 "version_check",
]

[[package]]
name = "rustc_builtin_macros"
version = "0.0.0"
dependencies = [
 "rustc_ast",
 "rustc_ast_pretty",
 "rustc_attr",
 "rustc_data_structures",
 "rustc_errors",
 "rustc_expand",
 "rustc_feature",
 "rustc_parse",
 "rustc_parse_format",
 "rustc_session",
 "rustc_span",
 "rustc_target",
 "smallvec 1.4.2",
 "tracing",
]

[[package]]
name = "rustc_codegen_ssa"
version = "0.0.0"
dependencies = [
 "bitflags",
 "cc",
 "jobserver",
 "libc",
 "memmap",
 "num_cpus",
 "pathdiff",
 "rustc_apfloat",
 "rustc_ast",
 "rustc_attr",
 "rustc_data_structures",
 "rustc_errors",
 "rustc_fs_util",
 "rustc_hir",
 "rustc_incremental",
 "rustc_index",
 "rustc_macros",
 "rustc_middle",
 "rustc_serialize",
 "rustc_session",
 "rustc_span",
 "rustc_symbol_mangling",
 "rustc_target",
 "tempfile",
 "tracing",
]

[[package]]
name = "rustc_data_structures"
version = "0.0.0"
dependencies = [
 "arrayvec",
 "bitflags",
 "cfg-if 0.1.10",
 "crossbeam-utils 0.7.2",
 "ena",
 "indexmap",
 "jobserver",
 "libc",
 "measureme",
 "parking_lot 0.11.0",
 "rustc-hash",
 "rustc-rayon",
 "rustc-rayon-core",
 "rustc_graphviz",
 "rustc_index",
 "rustc_macros",
 "rustc_serialize",
 "smallvec 1.4.2",
 "stable_deref_trait",
 "stacker",
 "tempfile",
 "tracing",
 "winapi",
]

[[package]]
name = "rustc_driver"
version = "0.0.0"
dependencies = [
 "libc",
 "rustc_ast",
 "rustc_ast_pretty",
 "rustc_codegen_ssa",
 "rustc_data_structures",
 "rustc_error_codes",
 "rustc_errors",
 "rustc_feature",
 "rustc_hir",
 "rustc_hir_pretty",
 "rustc_interface",
 "rustc_lint",
 "rustc_metadata",
 "rustc_middle",
 "rustc_mir",
 "rustc_parse",
 "rustc_plugin_impl",
 "rustc_save_analysis",
 "rustc_serialize",
 "rustc_session",
 "rustc_span",
 "rustc_target",
 "tracing",
 "tracing-subscriber",
 "tracing-tree",
 "winapi",
]

[[package]]
name = "rustc_error_codes"
version = "0.0.0"

[[package]]
name = "rustc_errors"
version = "0.0.0"
dependencies = [
 "annotate-snippets",
 "atty",
 "rustc_data_structures",
 "rustc_macros",
 "rustc_serialize",
 "rustc_span",
 "termcolor",
 "termize",
 "tracing",
 "unicode-width",
 "winapi",
]

[[package]]
name = "rustc_expand"
version = "0.0.0"
dependencies = [
 "rustc_ast",
 "rustc_ast_passes",
 "rustc_ast_pretty",
 "rustc_attr",
 "rustc_data_structures",
 "rustc_errors",
 "rustc_feature",
 "rustc_lexer",
 "rustc_macros",
 "rustc_parse",
 "rustc_serialize",
 "rustc_session",
 "rustc_span",
 "smallvec 1.4.2",
 "tracing",
]

[[package]]
name = "rustc_feature"
version = "0.0.0"
dependencies = [
 "rustc_data_structures",
 "rustc_span",
]

[[package]]
name = "rustc_fs_util"
version = "0.0.0"

[[package]]
name = "rustc_graphviz"
version = "0.0.0"

[[package]]
name = "rustc_hir"
version = "0.0.0"
dependencies = [
 "rustc_ast",
 "rustc_data_structures",
 "rustc_index",
 "rustc_macros",
 "rustc_serialize",
 "rustc_span",
 "rustc_target",
 "smallvec 1.4.2",
 "tracing",
]

[[package]]
name = "rustc_hir_pretty"
version = "0.0.0"
dependencies = [
 "rustc_ast",
 "rustc_ast_pretty",
 "rustc_hir",
 "rustc_span",
 "rustc_target",
]

[[package]]
name = "rustc_incremental"
version = "0.0.0"
dependencies = [
 "rand",
 "rustc_ast",
 "rustc_data_structures",
 "rustc_fs_util",
 "rustc_graphviz",
 "rustc_hir",
 "rustc_macros",
 "rustc_middle",
 "rustc_serialize",
 "rustc_session",
 "rustc_span",
 "tracing",
]

[[package]]
name = "rustc_index"
version = "0.0.0"
dependencies = [
 "arrayvec",
 "rustc_macros",
 "rustc_serialize",
]

[[package]]
name = "rustc_infer"
version = "0.0.0"
dependencies = [
 "rustc_ast",
 "rustc_data_structures",
 "rustc_errors",
 "rustc_graphviz",
 "rustc_hir",
 "rustc_index",
 "rustc_macros",
 "rustc_middle",
 "rustc_serialize",
 "rustc_session",
 "rustc_span",
 "rustc_target",
 "smallvec 1.4.2",
 "tracing",
]

[[package]]
name = "rustc_interface"
version = "0.0.0"
dependencies = [
 "libc",
 "rustc-rayon",
 "rustc_ast",
 "rustc_ast_lowering",
 "rustc_ast_passes",
 "rustc_attr",
 "rustc_builtin_macros",
 "rustc_codegen_ssa",
 "rustc_data_structures",
 "rustc_errors",
 "rustc_expand",
 "rustc_hir",
 "rustc_incremental",
 "rustc_lint",
 "rustc_metadata",
 "rustc_middle",
 "rustc_mir",
 "rustc_mir_build",
 "rustc_parse",
 "rustc_passes",
 "rustc_plugin_impl",
 "rustc_privacy",
 "rustc_resolve",
 "rustc_serialize",
 "rustc_session",
 "rustc_span",
 "rustc_symbol_mangling",
 "rustc_trait_selection",
 "rustc_traits",
 "rustc_ty",
 "rustc_typeck",
 "smallvec 1.4.2",
 "tempfile",
 "tracing",
 "winapi",
]

[[package]]
name = "rustc_lexer"
version = "0.1.0"
dependencies = [
 "unicode-xid",
]

[[package]]
name = "rustc_lint"
version = "0.0.0"
dependencies = [
 "rustc_ast",
 "rustc_ast_pretty",
 "rustc_attr",
 "rustc_data_structures",
 "rustc_errors",
 "rustc_feature",
 "rustc_hir",
 "rustc_index",
 "rustc_middle",
 "rustc_session",
 "rustc_span",
 "rustc_target",
 "rustc_trait_selection",
 "tracing",
 "unicode-security",
]

[[package]]
name = "rustc_macros"
version = "0.1.0"
dependencies = [
 "proc-macro2",
 "quote",
 "syn 1.0.48",
 "synstructure",
]

[[package]]
name = "rustc_metadata"
version = "0.0.0"
dependencies = [
 "libc",
 "memmap",
 "rustc_ast",
 "rustc_attr",
 "rustc_data_structures",
 "rustc_errors",
 "rustc_expand",
 "rustc_feature",
 "rustc_hir",
 "rustc_hir_pretty",
 "rustc_index",
 "rustc_macros",
 "rustc_middle",
 "rustc_serialize",
 "rustc_session",
 "rustc_span",
 "rustc_target",
 "smallvec 1.4.2",
 "snap",
 "stable_deref_trait",
 "tracing",
 "winapi",
]

[[package]]
name = "rustc_middle"
version = "0.0.0"
dependencies = [
 "bitflags",
 "chalk-ir",
 "measureme",
 "polonius-engine 0.12.1 (registry+https://github.com/rust-lang/crates.io-index)",
 "rustc-rayon-core",
 "rustc_apfloat",
 "rustc_arena",
 "rustc_ast",
 "rustc_attr",
 "rustc_data_structures",
 "rustc_errors",
 "rustc_feature",
 "rustc_hir",
 "rustc_index",
 "rustc_macros",
 "rustc_query_system",
 "rustc_serialize",
 "rustc_session",
 "rustc_span",
 "rustc_target",
 "smallvec 1.4.2",
 "tracing",
]

[[package]]
name = "rustc_mir"
version = "0.0.0"
dependencies = [
 "either",
 "itertools",
 "polonius-engine 0.12.1 (registry+https://github.com/rust-lang/crates.io-index)",
 "regex",
 "rustc_apfloat",
 "rustc_ast",
 "rustc_attr",
 "rustc_data_structures",
 "rustc_errors",
 "rustc_graphviz",
 "rustc_hir",
 "rustc_index",
 "rustc_infer",
 "rustc_lexer",
 "rustc_macros",
 "rustc_middle",
 "rustc_serialize",
 "rustc_session",
 "rustc_span",
 "rustc_target",
 "rustc_trait_selection",
 "smallvec 1.4.2",
 "tracing",
]

[[package]]
name = "rustc_mir_build"
version = "0.0.0"
dependencies = [
 "rustc_apfloat",
 "rustc_arena",
 "rustc_ast",
 "rustc_attr",
 "rustc_data_structures",
 "rustc_errors",
 "rustc_hir",
 "rustc_index",
 "rustc_infer",
 "rustc_middle",
 "rustc_serialize",
 "rustc_session",
 "rustc_span",
 "rustc_target",
 "rustc_trait_selection",
 "smallvec 1.4.2",
 "tracing",
]

[[package]]
name = "rustc_parse"
version = "0.0.0"
dependencies = [
 "bitflags",
 "rustc_ast",
 "rustc_ast_pretty",
 "rustc_data_structures",
 "rustc_errors",
 "rustc_feature",
 "rustc_lexer",
 "rustc_session",
 "rustc_span",
 "smallvec 1.4.2",
 "tracing",
 "unicode-normalization",
]

[[package]]
name = "rustc_parse_format"
version = "0.0.0"
dependencies = [
 "rustc_lexer",
 "rustc_span",
]

[[package]]
name = "rustc_passes"
version = "0.0.0"
dependencies = [
 "rustc_ast",
 "rustc_attr",
 "rustc_data_structures",
 "rustc_errors",
 "rustc_hir",
 "rustc_index",
 "rustc_middle",
 "rustc_serialize",
 "rustc_session",
 "rustc_span",
 "rustc_target",
 "rustc_trait_selection",
 "tracing",
]

[[package]]
name = "rustc_plugin_impl"
version = "0.0.0"
dependencies = [
 "rustc_ast",
 "rustc_errors",
 "rustc_hir",
 "rustc_lint",
 "rustc_metadata",
 "rustc_middle",
 "rustc_session",
 "rustc_span",
]

[[package]]
name = "rustc_privacy"
version = "0.0.0"
dependencies = [
 "rustc_attr",
 "rustc_data_structures",
 "rustc_errors",
 "rustc_hir",
 "rustc_middle",
 "rustc_session",
 "rustc_span",
 "rustc_typeck",
 "tracing",
]

[[package]]
name = "rustc_query_system"
version = "0.0.0"
dependencies = [
 "parking_lot 0.11.0",
 "rustc-rayon-core",
 "rustc_arena",
 "rustc_data_structures",
 "rustc_errors",
 "rustc_index",
 "rustc_macros",
 "rustc_serialize",
 "rustc_span",
 "smallvec 1.4.2",
 "tracing",
]

[[package]]
name = "rustc_resolve"
version = "0.0.0"
dependencies = [
 "bitflags",
 "rustc_arena",
 "rustc_ast",
 "rustc_ast_lowering",
 "rustc_ast_pretty",
 "rustc_attr",
 "rustc_data_structures",
 "rustc_errors",
 "rustc_expand",
 "rustc_feature",
 "rustc_hir",
 "rustc_index",
 "rustc_metadata",
 "rustc_middle",
 "rustc_session",
 "rustc_span",
 "smallvec 1.4.2",
 "tracing",
]

[[package]]
name = "rustc_save_analysis"
version = "0.0.0"
dependencies = [
 "rls-data",
 "rls-span",
 "rustc_ast",
 "rustc_ast_pretty",
 "rustc_data_structures",
 "rustc_hir",
 "rustc_hir_pretty",
 "rustc_lexer",
 "rustc_middle",
 "rustc_session",
 "rustc_span",
 "serde_json",
 "tracing",
]

[[package]]
name = "rustc_serialize"
version = "0.0.0"
dependencies = [
 "indexmap",
 "smallvec 1.4.2",
]

[[package]]
name = "rustc_session"
version = "0.0.0"
dependencies = [
 "bitflags",
 "getopts",
 "num_cpus",
 "rustc_ast",
 "rustc_data_structures",
 "rustc_errors",
 "rustc_feature",
 "rustc_fs_util",
 "rustc_macros",
 "rustc_serialize",
 "rustc_span",
 "rustc_target",
 "tracing",
]

[[package]]
name = "rustc_span"
version = "0.0.0"
dependencies = [
 "cfg-if 0.1.10",
 "md-5",
 "rustc_arena",
 "rustc_data_structures",
 "rustc_index",
 "rustc_macros",
 "rustc_serialize",
 "scoped-tls",
 "sha-1",
 "tracing",
 "unicode-width",
]

[[package]]
name = "rustc_symbol_mangling"
version = "0.0.0"
dependencies = [
 "punycode",
 "rustc-demangle",
 "rustc_ast",
 "rustc_data_structures",
 "rustc_hir",
 "rustc_middle",
 "rustc_session",
 "rustc_span",
 "rustc_target",
 "tracing",
]

[[package]]
name = "rustc_target"
version = "0.0.0"
dependencies = [
 "bitflags",
 "rustc_data_structures",
 "rustc_index",
 "rustc_macros",
 "rustc_serialize",
 "rustc_span",
 "tracing",
]

[[package]]
name = "rustc_trait_selection"
version = "0.0.0"
dependencies = [
 "rustc_ast",
 "rustc_attr",
 "rustc_data_structures",
 "rustc_errors",
 "rustc_hir",
 "rustc_index",
 "rustc_infer",
 "rustc_macros",
 "rustc_middle",
 "rustc_parse_format",
 "rustc_session",
 "rustc_span",
 "rustc_target",
 "smallvec 1.4.2",
 "tracing",
]

[[package]]
name = "rustc_traits"
version = "0.0.0"
dependencies = [
 "chalk-engine",
 "chalk-ir",
 "chalk-solve",
 "rustc_ast",
 "rustc_data_structures",
 "rustc_hir",
 "rustc_index",
 "rustc_infer",
 "rustc_middle",
 "rustc_span",
 "rustc_trait_selection",
 "smallvec 1.4.2",
 "tracing",
]

[[package]]
name = "rustc_ty"
version = "0.0.0"
dependencies = [
 "rustc_data_structures",
 "rustc_errors",
 "rustc_hir",
 "rustc_infer",
 "rustc_middle",
 "rustc_session",
 "rustc_span",
 "rustc_target",
 "rustc_trait_selection",
 "tracing",
]

[[package]]
name = "rustc_typeck"
version = "0.0.0"
dependencies = [
 "rustc_arena",
 "rustc_ast",
 "rustc_attr",
 "rustc_data_structures",
 "rustc_errors",
 "rustc_hir",
 "rustc_hir_pretty",
 "rustc_index",
 "rustc_infer",
 "rustc_macros",
 "rustc_middle",
 "rustc_session",
 "rustc_span",
 "rustc_target",
 "rustc_trait_selection",
 "smallvec 1.4.2",
 "tracing",
]

[[package]]
name = "rustc_version"
version = "0.2.3"
source = "registry+https://github.com/rust-lang/crates.io-index"
checksum = "138e3e0acb6c9fb258b19b67cb8abd63c00679d2851805ea151465464fe9030a"
dependencies = [
 "semver",
]

[[package]]
name = "ryu"
version = "1.0.5"
source = "registry+https://github.com/rust-lang/crates.io-index"
checksum = "71d301d4193d031abdd79ff7e3dd721168a9572ef3fe51a1517aba235bd8f86e"

[[package]]
name = "scoped-tls"
version = "1.0.0"
source = "registry+https://github.com/rust-lang/crates.io-index"
checksum = "ea6a9290e3c9cf0f18145ef7ffa62d68ee0bf5fcd651017e586dc7fd5da448c2"

[[package]]
name = "scopeguard"
version = "1.1.0"
source = "registry+https://github.com/rust-lang/crates.io-index"
checksum = "d29ab0c6d3fc0ee92fe66e2d99f700eab17a8d57d1c1d3b748380fb20baa78cd"

[[package]]
name = "semver"
version = "0.9.0"
source = "registry+https://github.com/rust-lang/crates.io-index"
checksum = "1d7eb9ef2c18661902cc47e535f9bc51b78acd254da71d375c2f6720d9a40403"
dependencies = [
 "semver-parser",
]

[[package]]
name = "semver-parser"
version = "0.7.0"
source = "registry+https://github.com/rust-lang/crates.io-index"
checksum = "388a1df253eca08550bef6c72392cfe7c30914bf41df5269b68cbd6ff8f570a3"

[[package]]
name = "serde"
version = "1.0.117"
source = "registry+https://github.com/rust-lang/crates.io-index"
checksum = "b88fa983de7720629c9387e9f517353ed404164b1e482c970a90c1a4aaf7dc1a"
dependencies = [
 "serde_derive",
]

[[package]]
name = "serde_derive"
version = "1.0.117"
source = "registry+https://github.com/rust-lang/crates.io-index"
checksum = "cbd1ae72adb44aab48f325a02444a5fc079349a8d804c1fc922aed3f7454c74e"
dependencies = [
 "proc-macro2",
 "quote",
 "syn 1.0.48",
]

[[package]]
name = "serde_json"
version = "1.0.59"
source = "registry+https://github.com/rust-lang/crates.io-index"
checksum = "dcac07dbffa1c65e7f816ab9eba78eb142c6d44410f4eeba1e26e4f5dfa56b95"
dependencies = [
 "itoa",
 "ryu",
 "serde",
]

[[package]]
name = "sha-1"
version = "0.8.2"
source = "registry+https://github.com/rust-lang/crates.io-index"
checksum = "f7d94d0bede923b3cea61f3f1ff57ff8cdfd77b400fb8f9998949e0cf04163df"
dependencies = [
 "block-buffer",
 "digest",
 "fake-simd",
 "opaque-debug",
]

[[package]]
name = "sharded-slab"
version = "0.1.0"
source = "registry+https://github.com/rust-lang/crates.io-index"
checksum = "7b4921be914e16899a80adefb821f8ddb7974e3f1250223575a44ed994882127"
dependencies = [
 "lazy_static",
 "loom",
]

[[package]]
name = "smallvec"
version = "0.6.13"
source = "registry+https://github.com/rust-lang/crates.io-index"
checksum = "f7b0758c52e15a8b5e3691eae6cc559f08eee9406e548a4477ba4e67770a82b6"
dependencies = [
 "maybe-uninit",
]

[[package]]
name = "smallvec"
version = "1.4.2"
source = "registry+https://github.com/rust-lang/crates.io-index"
checksum = "fbee7696b84bbf3d89a1c2eccff0850e3047ed46bfcd2e92c29a2d074d57e252"

[[package]]
name = "snap"
version = "1.0.1"
source = "registry+https://github.com/rust-lang/crates.io-index"
checksum = "da73c8f77aebc0e40c300b93f0a5f1bece7a248a36eee287d4e095f35c7b7d6e"

[[package]]
name = "stable_deref_trait"
version = "1.2.0"
source = "registry+https://github.com/rust-lang/crates.io-index"
checksum = "a8f112729512f8e442d81f95a8a7ddf2b7c6b8a1a6f509a95864142b30cab2d3"

[[package]]
name = "stacker"
version = "0.1.12"
source = "registry+https://github.com/rust-lang/crates.io-index"
checksum = "21ccb4c06ec57bc82d0f610f1a2963d7648700e43a6f513e564b9c89f7991786"
dependencies = [
 "cc",
 "cfg-if 0.1.10",
 "libc",
 "psm",
 "winapi",
]

[[package]]
name = "syn"
version = "1.0.48"
source = "registry+https://github.com/rust-lang/crates.io-index"
checksum = "cc371affeffc477f42a221a1e4297aedcea33d47d19b61455588bd9d8f6b19ac"
dependencies = [
 "proc-macro2",
 "quote",
 "unicode-xid",
]

[[package]]
name = "syn"
version = "1.0.49"
source = "git+https://github.com/xldenis/syn?branch=spec-lang-2#33c4535213137b5dc161c0f8d5cb3257927157ed"
dependencies = [
 "proc-macro2",
 "quote",
 "unicode-xid",
]

[[package]]
name = "synstructure"
version = "0.12.4"
source = "registry+https://github.com/rust-lang/crates.io-index"
checksum = "b834f2d66f734cb897113e34aaff2f1ab4719ca946f9a7358dba8f8064148701"
dependencies = [
 "proc-macro2",
 "quote",
 "syn 1.0.48",
 "unicode-xid",
]

[[package]]
name = "tempfile"
version = "3.1.0"
source = "registry+https://github.com/rust-lang/crates.io-index"
checksum = "7a6e24d9338a0a5be79593e2fa15a648add6138caa803e2d5bc782c371732ca9"
dependencies = [
 "cfg-if 0.1.10",
 "libc",
 "rand",
 "redox_syscall",
 "remove_dir_all",
 "winapi",
]

[[package]]
name = "termcolor"
version = "1.1.0"
source = "registry+https://github.com/rust-lang/crates.io-index"
checksum = "bb6bfa289a4d7c5766392812c0a1f4c1ba45afa1ad47803c11e1f407d846d75f"
dependencies = [
 "winapi-util",
]

[[package]]
name = "termize"
version = "0.1.1"
source = "registry+https://github.com/rust-lang/crates.io-index"
checksum = "1706be6b564323ce7092f5f7e6b118a14c8ef7ed0e69c8c5329c914a9f101295"
dependencies = [
 "libc",
 "winapi",
]

[[package]]
name = "thread_local"
version = "1.0.1"
source = "registry+https://github.com/rust-lang/crates.io-index"
checksum = "d40c6d1b69745a6ec6fb1ca717914848da4b44ae29d9b3080cbee91d72a69b14"
dependencies = [
 "lazy_static",
]

[[package]]
name = "time"
version = "0.1.44"
source = "registry+https://github.com/rust-lang/crates.io-index"
checksum = "6db9e6914ab8b1ae1c260a4ae7a49b6c5611b40328a735b21862567685e73255"
dependencies = [
 "libc",
 "wasi 0.10.0+wasi-snapshot-preview1",
 "winapi",
]

[[package]]
name = "tinyvec"
version = "0.3.4"
source = "registry+https://github.com/rust-lang/crates.io-index"
checksum = "238ce071d267c5710f9d31451efec16c5ee22de34df17cc05e56cbc92e967117"

[[package]]
name = "tracing"
version = "0.1.21"
source = "registry+https://github.com/rust-lang/crates.io-index"
checksum = "b0987850db3733619253fe60e17cb59b82d37c7e6c0236bb81e4d6b87c879f27"
dependencies = [
 "cfg-if 0.1.10",
 "pin-project-lite",
 "tracing-attributes",
 "tracing-core",
]

[[package]]
name = "tracing-attributes"
version = "0.1.11"
source = "registry+https://github.com/rust-lang/crates.io-index"
checksum = "80e0ccfc3378da0cce270c946b676a376943f5cd16aeba64568e7939806f4ada"
dependencies = [
 "proc-macro2",
 "quote",
 "syn 1.0.48",
]

[[package]]
name = "tracing-core"
version = "0.1.17"
source = "registry+https://github.com/rust-lang/crates.io-index"
checksum = "f50de3927f93d202783f4513cda820ab47ef17f624b03c096e86ef00c67e6b5f"
dependencies = [
 "lazy_static",
]

[[package]]
name = "tracing-log"
version = "0.1.1"
source = "registry+https://github.com/rust-lang/crates.io-index"
checksum = "5e0f8c7178e13481ff6765bd169b33e8d554c5d2bbede5e32c356194be02b9b9"
dependencies = [
 "lazy_static",
 "log",
 "tracing-core",
]

[[package]]
name = "tracing-serde"
version = "0.1.2"
source = "registry+https://github.com/rust-lang/crates.io-index"
checksum = "fb65ea441fbb84f9f6748fd496cf7f63ec9af5bca94dd86456978d055e8eb28b"
dependencies = [
 "serde",
 "tracing-core",
]

[[package]]
name = "tracing-subscriber"
version = "0.2.15"
source = "registry+https://github.com/rust-lang/crates.io-index"
checksum = "a1fa8f0c8f4c594e4fc9debc1990deab13238077271ba84dd853d54902ee3401"
dependencies = [
 "ansi_term",
 "chrono",
 "lazy_static",
 "matchers",
 "parking_lot 0.11.0",
 "regex",
 "serde",
 "serde_json",
 "sharded-slab",
 "smallvec 1.4.2",
 "thread_local",
 "tracing",
 "tracing-core",
 "tracing-log",
 "tracing-serde",
]

[[package]]
name = "tracing-tree"
version = "0.1.6"
source = "registry+https://github.com/rust-lang/crates.io-index"
checksum = "43aac8afb493b08e1e1904956f7407c1e671b9c83b26a17e1bd83d6a3520e350"
dependencies = [
 "ansi_term",
 "atty",
 "chrono",
 "termcolor",
 "tracing",
 "tracing-subscriber",
]

[[package]]
name = "typenum"
version = "1.12.0"
source = "registry+https://github.com/rust-lang/crates.io-index"
checksum = "373c8a200f9e67a0c95e62a4f52fbf80c23b4381c05a17845531982fa99e6b33"

[[package]]
name = "unicode-normalization"
version = "0.1.13"
source = "registry+https://github.com/rust-lang/crates.io-index"
checksum = "6fb19cf769fa8c6a80a162df694621ebeb4dafb606470b2b2fce0be40a98a977"
dependencies = [
 "tinyvec",
]

[[package]]
name = "unicode-script"
version = "0.5.2"
source = "registry+https://github.com/rust-lang/crates.io-index"
checksum = "79bf4d5fc96546fdb73f9827097810bbda93b11a6770ff3a54e1f445d4135787"

[[package]]
name = "unicode-security"
version = "0.0.5"
source = "registry+https://github.com/rust-lang/crates.io-index"
checksum = "5d87c28edc5b263377e448d6cdcb935c06b95413d8013ba6fae470558ccab18f"
dependencies = [
 "unicode-normalization",
 "unicode-script",
]

[[package]]
name = "unicode-width"
version = "0.1.8"
source = "registry+https://github.com/rust-lang/crates.io-index"
checksum = "9337591893a19b88d8d87f2cec1e73fad5cdfd10e5a6f349f498ad6ea2ffb1e3"

[[package]]
name = "unicode-xid"
version = "0.2.1"
source = "registry+https://github.com/rust-lang/crates.io-index"
checksum = "f7fe0bb3479651439c9112f72b6c505038574c9fbb575ed1bf3b797fa39dd564"

[[package]]
name = "uuid"
version = "0.8.1"
source = "registry+https://github.com/rust-lang/crates.io-index"
checksum = "9fde2f6a4bea1d6e007c4ad38c6839fa71cbb63b6dbf5b595aa38dc9b1093c11"
dependencies = [
 "rand",
]

[[package]]
name = "version_check"
version = "0.9.2"
source = "registry+https://github.com/rust-lang/crates.io-index"
checksum = "b5a972e5669d67ba988ce3dc826706fb0a8b01471c088cb0b6110b805cc36aed"

[[package]]
name = "wasi"
version = "0.9.0+wasi-snapshot-preview1"
source = "registry+https://github.com/rust-lang/crates.io-index"
checksum = "cccddf32554fecc6acb585f82a32a72e28b48f8c4c1883ddfeeeaa96f7d8e519"

[[package]]
name = "wasi"
version = "0.10.0+wasi-snapshot-preview1"
source = "registry+https://github.com/rust-lang/crates.io-index"
checksum = "1a143597ca7c7793eff794def352d41792a93c481eb1042423ff7ff72ba2c31f"

[[package]]
name = "winapi"
version = "0.3.9"
source = "registry+https://github.com/rust-lang/crates.io-index"
checksum = "5c839a674fcd7a98952e593242ea400abe93992746761e38641405d28b00f419"
dependencies = [
 "winapi-i686-pc-windows-gnu",
 "winapi-x86_64-pc-windows-gnu",
]

[[package]]
name = "winapi-i686-pc-windows-gnu"
version = "0.4.0"
source = "registry+https://github.com/rust-lang/crates.io-index"
checksum = "ac3b87c63620426dd9b991e5ce0329eff545bccbbb34f3be09ff6fb6ab51b7b6"

[[package]]
name = "winapi-util"
version = "0.1.5"
source = "registry+https://github.com/rust-lang/crates.io-index"
checksum = "70ec6ce85bb158151cae5e5c87f95a8e97d2c0c4b001223f33a334e3ce5de178"
dependencies = [
 "winapi",
]

[[package]]
name = "winapi-x86_64-pc-windows-gnu"
version = "0.4.0"
source = "registry+https://github.com/rust-lang/crates.io-index"
checksum = "712e227841d057c1ee1cd2fb22fa7e5a5461ae8e48fa2ca79ec42cfc1931183f"
